
Microsoft Visual Studio Solution File, Format Version 12.00
# Visual Studio Version 17
VisualStudioVersion = 17.8.34525.116
MinimumVisualStudioVersion = 10.0.40219.1
Project("{9A19103F-16F7-4668-BE54-9A1E7A4F7556}") = "Core", "Core\Core.csproj", "{8F6335B2-ADF8-4459-8314-C61DACB741D5}"
EndProject
Project("{9A19103F-16F7-4668-BE54-9A1E7A4F7556}") = "Gateway", "Gateway\Gateway.csproj", "{AA38F155-4810-4EEB-B2DE-30D374678C05}"
EndProject
Project("{FAE04EC0-301F-11D3-BF4B-00C04F79EFBC}") = "PruebasUnitarias", "PruebasUnitarias\PruebasUnitarias.csproj", "{B2BBC1E3-72D8-4103-B495-F145C6275409}"
EndProject
Global
	GlobalSection(SolutionConfigurationPlatforms) = preSolution
		Debug|Any CPU = Debug|Any CPU
		Release|Any CPU = Release|Any CPU
	EndGlobalSection
	GlobalSection(ProjectConfigurationPlatforms) = postSolution
		{8F6335B2-ADF8-4459-8314-C61DACB741D5}.Debug|Any CPU.ActiveCfg = Debug|Any CPU
		{8F6335B2-ADF8-4459-8314-C61DACB741D5}.Debug|Any CPU.Build.0 = Debug|Any CPU
		{8F6335B2-ADF8-4459-8314-C61DACB741D5}.Release|Any CPU.ActiveCfg = Release|Any CPU
		{8F6335B2-ADF8-4459-8314-C61DACB741D5}.Release|Any CPU.Build.0 = Release|Any CPU
		{AA38F155-4810-4EEB-B2DE-30D374678C05}.Debug|Any CPU.ActiveCfg = Debug|Any CPU
		{AA38F155-4810-4EEB-B2DE-30D374678C05}.Debug|Any CPU.Build.0 = Debug|Any CPU
		{AA38F155-4810-4EEB-B2DE-30D374678C05}.Release|Any CPU.ActiveCfg = Release|Any CPU
		{AA38F155-4810-4EEB-B2DE-30D374678C05}.Release|Any CPU.Build.0 = Release|Any CPU
		{B2BBC1E3-72D8-4103-B495-F145C6275409}.Debug|Any CPU.ActiveCfg = Debug|Any CPU
		{B2BBC1E3-72D8-4103-B495-F145C6275409}.Debug|Any CPU.Build.0 = Debug|Any CPU
		{B2BBC1E3-72D8-4103-B495-F145C6275409}.Release|Any CPU.ActiveCfg = Release|Any CPU
		{B2BBC1E3-72D8-4103-B495-F145C6275409}.Release|Any CPU.Build.0 = Release|Any CPU
	EndGlobalSection
	GlobalSection(SolutionProperties) = preSolution
		HideSolutionNode = FALSE
	EndGlobalSection
	GlobalSection(ExtensibilityGlobals) = postSolution
		SolutionGuid = {B67154EB-A26B-4FAC-A057-B672A14D017A}
	EndGlobalSection
EndGlobal
